
Microsoft Visual Studio Solution File, Format Version 12.00
# Visual Studio 15
Project("{FAE04EC0-301F-11D3-BF4B-00C04F79EFBC}") = "Assembly-CSharp", "Assembly-CSharp.csproj", "{8037B01E-8FBE-D0DB-2C82-112ECBC9981D}"
EndProject
Project("{FAE04EC0-301F-11D3-BF4B-00C04F79EFBC}") = "Assembly-CSharp-firstpass", "Assembly-CSharp-firstpass.csproj", "{A93EDA52-1185-9EDE-D26D-82B8EAE2CA97}"
EndProject
Global
	GlobalSection(SolutionConfigurationPlatforms) = preSolution
		Debug|Any CPU = Debug|Any CPU
		Release|Any CPU = Release|Any CPU
	EndGlobalSection
	GlobalSection(ProjectConfigurationPlatforms) = postSolution
		{8037B01E-8FBE-D0DB-2C82-112ECBC9981D}.Debug|Any CPU.ActiveCfg = Debug|Any CPU
		{8037B01E-8FBE-D0DB-2C82-112ECBC9981D}.Debug|Any CPU.Build.0 = Debug|Any CPU
		{8037B01E-8FBE-D0DB-2C82-112ECBC9981D}.Release|Any CPU.ActiveCfg = Release|Any CPU
		{8037B01E-8FBE-D0DB-2C82-112ECBC9981D}.Release|Any CPU.Build.0 = Release|Any CPU
		{A93EDA52-1185-9EDE-D26D-82B8EAE2CA97}.Debug|Any CPU.ActiveCfg = Debug|Any CPU
		{A93EDA52-1185-9EDE-D26D-82B8EAE2CA97}.Debug|Any CPU.Build.0 = Debug|Any CPU
		{A93EDA52-1185-9EDE-D26D-82B8EAE2CA97}.Release|Any CPU.ActiveCfg = Release|Any CPU
		{A93EDA52-1185-9EDE-D26D-82B8EAE2CA97}.Release|Any CPU.Build.0 = Release|Any CPU
	EndGlobalSection
	GlobalSection(SolutionProperties) = preSolution
		HideSolutionNode = FALSE
	EndGlobalSection
EndGlobal
